// !$*UTF8*$!
{
	archiveVersion = 1;
	classes = {
	};
	objectVersion = 46;
	objects = {

/* Begin PBXBuildFile section */
		05D0ADF01AF7B85E00F77CFA /* AppDelegate.swift in Sources */ = {isa = PBXBuildFile; fileRef = 05D0ADEF1AF7B85E00F77CFA /* AppDelegate.swift */; };
		05D0ADF21AF7B85E00F77CFA /* GameScene.sks in Resources */ = {isa = PBXBuildFile; fileRef = 05D0ADF11AF7B85E00F77CFA /* GameScene.sks */; };
		05D0ADF41AF7B85E00F77CFA /* GameScene.swift in Sources */ = {isa = PBXBuildFile; fileRef = 05D0ADF31AF7B85E00F77CFA /* GameScene.swift */; };
		05D0ADF61AF7B85E00F77CFA /* GameViewController.swift in Sources */ = {isa = PBXBuildFile; fileRef = 05D0ADF51AF7B85E00F77CFA /* GameViewController.swift */; };
		05D0ADF91AF7B85E00F77CFA /* Main.storyboard in Resources */ = {isa = PBXBuildFile; fileRef = 05D0ADF71AF7B85E00F77CFA /* Main.storyboard */; };
		05D0ADFB1AF7B85E00F77CFA /* Images.xcassets in Resources */ = {isa = PBXBuildFile; fileRef = 05D0ADFA1AF7B85E00F77CFA /* Images.xcassets */; };
		05D0ADFE1AF7B85E00F77CFA /* LaunchScreen.xib in Resources */ = {isa = PBXBuildFile; fileRef = 05D0ADFC1AF7B85E00F77CFA /* LaunchScreen.xib */; };
		05D0AE0A1AF7B85E00F77CFA /* BreakoutSpriteKitTutorialTests.swift in Sources */ = {isa = PBXBuildFile; fileRef = 05D0AE091AF7B85E00F77CFA /* BreakoutSpriteKitTutorialTests.swift */; };
/* End PBXBuildFile section */

/* Begin PBXContainerItemProxy section */
		05D0AE041AF7B85E00F77CFA /* PBXContainerItemProxy */ = {
			isa = PBXContainerItemProxy;
			containerPortal = 05D0ADE21AF7B85E00F77CFA /* Project object */;
			proxyType = 1;
			remoteGlobalIDString = 05D0ADE91AF7B85E00F77CFA;
			remoteInfo = BreakoutSpriteKitTutorial;
		};
/* End PBXContainerItemProxy section */

/* Begin PBXFileReference section */
		05D0ADEA1AF7B85E00F77CFA /* BreakoutSpriteKitTutorial.app */ = {isa = PBXFileReference; explicitFileType = wrapper.application; includeInIndex = 0; path = BreakoutSpriteKitTutorial.app; sourceTree = BUILT_PRODUCTS_DIR; };
		05D0ADEE1AF7B85E00F77CFA /* Info.plist */ = {isa = PBXFileReference; lastKnownFileType = text.plist.xml; path = Info.plist; sourceTree = "<group>"; };
		05D0ADEF1AF7B85E00F77CFA /* AppDelegate.swift */ = {isa = PBXFileReference; lastKnownFileType = sourcecode.swift; path = AppDelegate.swift; sourceTree = "<group>"; };
		05D0ADF11AF7B85E00F77CFA /* GameScene.sks */ = {isa = PBXFileReference; lastKnownFileType = file.sks; path = GameScene.sks; sourceTree = "<group>"; };
		05D0ADF31AF7B85E00F77CFA /* GameScene.swift */ = {isa = PBXFileReference; lastKnownFileType = sourcecode.swift; path = GameScene.swift; sourceTree = "<group>"; };
		05D0ADF51AF7B85E00F77CFA /* GameViewController.swift */ = {isa = PBXFileReference; lastKnownFileType = sourcecode.swift; path = GameViewController.swift; sourceTree = "<group>"; };
		05D0ADF81AF7B85E00F77CFA /* Base */ = {isa = PBXFileReference; lastKnownFileType = file.storyboard; name = Base; path = Base.lproj/Main.storyboard; sourceTree = "<group>"; };
		05D0ADFA1AF7B85E00F77CFA /* Images.xcassets */ = {isa = PBXFileReference; lastKnownFileType = folder.assetcatalog; path = Images.xcassets; sourceTree = "<group>"; };
		05D0ADFD1AF7B85E00F77CFA /* Base */ = {isa = PBXFileReference; lastKnownFileType = file.xib; name = Base; path = Base.lproj/LaunchScreen.xib; sourceTree = "<group>"; };
		05D0AE031AF7B85E00F77CFA /* BreakoutSpriteKitTutorialTests.xctest */ = {isa = PBXFileReference; explicitFileType = wrapper.cfbundle; includeInIndex = 0; path = BreakoutSpriteKitTutorialTests.xctest; sourceTree = BUILT_PRODUCTS_DIR; };
		05D0AE081AF7B85E00F77CFA /* Info.plist */ = {isa = PBXFileReference; lastKnownFileType = text.plist.xml; path = Info.plist; sourceTree = "<group>"; };
		05D0AE091AF7B85E00F77CFA /* BreakoutSpriteKitTutorialTests.swift */ = {isa = PBXFileReference; lastKnownFileType = sourcecode.swift; path = BreakoutSpriteKitTutorialTests.swift; sourceTree = "<group>"; };
/* End PBXFileReference section */

/* Begin PBXFrameworksBuildPhase section */
		05D0ADE71AF7B85E00F77CFA /* Frameworks */ = {
			isa = PBXFrameworksBuildPhase;
			buildActionMask = 2147483647;
			files = (
			);
			runOnlyForDeploymentPostprocessing = 0;
		};
		05D0AE001AF7B85E00F77CFA /* Frameworks */ = {
			isa = PBXFrameworksBuildPhase;
			buildActionMask = 2147483647;
			files = (
			);
			runOnlyForDeploymentPostprocessing = 0;
		};
/* End PBXFrameworksBuildPhase section */

/* Begin PBXGroup section */
		05D0ADE11AF7B85E00F77CFA = {
			isa = PBXGroup;
			children = (
				05D0ADEC1AF7B85E00F77CFA /* BreakoutSpriteKitTutorial */,
				05D0AE061AF7B85E00F77CFA /* BreakoutSpriteKitTutorialTests */,
				05D0ADEB1AF7B85E00F77CFA /* Products */,
			);
			sourceTree = "<group>";
		};
		05D0ADEB1AF7B85E00F77CFA /* Products */ = {
			isa = PBXGroup;
			children = (
				05D0ADEA1AF7B85E00F77CFA /* BreakoutSpriteKitTutorial.app */,
				05D0AE031AF7B85E00F77CFA /* BreakoutSpriteKitTutorialTests.xctest */,
			);
			name = Products;
			sourceTree = "<group>";
		};
		05D0ADEC1AF7B85E00F77CFA /* BreakoutSpriteKitTutorial */ = {
			isa = PBXGroup;
			children = (
				05D0ADEF1AF7B85E00F77CFA /* AppDelegate.swift */,
				05D0ADF11AF7B85E00F77CFA /* GameScene.sks */,
				05D0ADF31AF7B85E00F77CFA /* GameScene.swift */,
				05D0ADF51AF7B85E00F77CFA /* GameViewController.swift */,
				05D0ADF71AF7B85E00F77CFA /* Main.storyboard */,
				05D0ADFA1AF7B85E00F77CFA /* Images.xcassets */,
				05D0ADFC1AF7B85E00F77CFA /* LaunchScreen.xib */,
				05D0ADED1AF7B85E00F77CFA /* Supporting Files */,
			);
			path = BreakoutSpriteKitTutorial;
			sourceTree = "<group>";
		};
		05D0ADED1AF7B85E00F77CFA /* Supporting Files */ = {
			isa = PBXGroup;
			children = (
				05D0ADEE1AF7B85E00F77CFA /* Info.plist */,
			);
			name = "Supporting Files";
			sourceTree = "<group>";
		};
		05D0AE061AF7B85E00F77CFA /* BreakoutSpriteKitTutorialTests */ = {
			isa = PBXGroup;
			children = (
				05D0AE091AF7B85E00F77CFA /* BreakoutSpriteKitTutorialTests.swift */,
				05D0AE071AF7B85E00F77CFA /* Supporting Files */,
			);
			path = BreakoutSpriteKitTutorialTests;
			sourceTree = "<group>";
		};
		05D0AE071AF7B85E00F77CFA /* Supporting Files */ = {
			isa = PBXGroup;
			children = (
				05D0AE081AF7B85E00F77CFA /* Info.plist */,
			);
			name = "Supporting Files";
			sourceTree = "<group>";
		};
/* End PBXGroup section */

/* Begin PBXNativeTarget section */
		05D0ADE91AF7B85E00F77CFA /* BreakoutSpriteKitTutorial */ = {
			isa = PBXNativeTarget;
			buildConfigurationList = 05D0AE0D1AF7B85E00F77CFA /* Build configuration list for PBXNativeTarget "BreakoutSpriteKitTutorial" */;
			buildPhases = (
				05D0ADE61AF7B85E00F77CFA /* Sources */,
				05D0ADE71AF7B85E00F77CFA /* Frameworks */,
				05D0ADE81AF7B85E00F77CFA /* Resources */,
			);
			buildRules = (
			);
			dependencies = (
			);
			name = BreakoutSpriteKitTutorial;
			productName = BreakoutSpriteKitTutorial;
			productReference = 05D0ADEA1AF7B85E00F77CFA /* BreakoutSpriteKitTutorial.app */;
			productType = "com.apple.product-type.application";
		};
		05D0AE021AF7B85E00F77CFA /* BreakoutSpriteKitTutorialTests */ = {
			isa = PBXNativeTarget;
			buildConfigurationList = 05D0AE101AF7B85E00F77CFA /* Build configuration list for PBXNativeTarget "BreakoutSpriteKitTutorialTests" */;
			buildPhases = (
				05D0ADFF1AF7B85E00F77CFA /* Sources */,
				05D0AE001AF7B85E00F77CFA /* Frameworks */,
				05D0AE011AF7B85E00F77CFA /* Resources */,
			);
			buildRules = (
			);
			dependencies = (
				05D0AE051AF7B85E00F77CFA /* PBXTargetDependency */,
			);
			name = BreakoutSpriteKitTutorialTests;
			productName = BreakoutSpriteKitTutorialTests;
			productReference = 05D0AE031AF7B85E00F77CFA /* BreakoutSpriteKitTutorialTests.xctest */;
			productType = "com.apple.product-type.bundle.unit-test";
		};
/* End PBXNativeTarget section */

/* Begin PBXProject section */
		05D0ADE21AF7B85E00F77CFA /* Project object */ = {
			isa = PBXProject;
			attributes = {
				LastUpgradeCheck = 0630;
				ORGANIZATIONNAME = "Mariana Alvarez";
				TargetAttributes = {
					05D0ADE91AF7B85E00F77CFA = {
						CreatedOnToolsVersion = 6.3;
					};
					05D0AE021AF7B85E00F77CFA = {
						CreatedOnToolsVersion = 6.3;
						TestTargetID = 05D0ADE91AF7B85E00F77CFA;
					};
				};
			};
			buildConfigurationList = 05D0ADE51AF7B85E00F77CFA /* Build configuration list for PBXProject "BreakoutSpriteKitTutorial" */;
			compatibilityVersion = "Xcode 3.2";
			developmentRegion = English;
			hasScannedForEncodings = 0;
			knownRegions = (
				en,
				Base,
			);
			mainGroup = 05D0ADE11AF7B85E00F77CFA;
			productRefGroup = 05D0ADEB1AF7B85E00F77CFA /* Products */;
			projectDirPath = "";
			projectRoot = "";
			targets = (
				05D0ADE91AF7B85E00F77CFA /* BreakoutSpriteKitTutorial */,
				05D0AE021AF7B85E00F77CFA /* BreakoutSpriteKitTutorialTests */,
			);
		};
/* End PBXProject section */

/* Begin PBXResourcesBuildPhase section */
		05D0ADE81AF7B85E00F77CFA /* Resources */ = {
			isa = PBXResourcesBuildPhase;
			buildActionMask = 2147483647;
			files = (
				05D0ADFE1AF7B85E00F77CFA /* LaunchScreen.xib in Resources */,
				05D0ADFB1AF7B85E00F77CFA /* Images.xcassets in Resources */,
				05D0ADF21AF7B85E00F77CFA /* GameScene.sks in Resources */,
				05D0ADF91AF7B85E00F77CFA /* Main.storyboard in Resources */,
			);
			runOnlyForDeploymentPostprocessing = 0;
		};
		05D0AE011AF7B85E00F77CFA /* Resources */ = {
			isa = PBXResourcesBuildPhase;
			buildActionMask = 2147483647;
			files = (
			);
			runOnlyForDeploymentPostprocessing = 0;
		};
/* End PBXResourcesBuildPhase section */

/* Begin PBXSourcesBuildPhase section */
		05D0ADE61AF7B85E00F77CFA /* Sources */ = {
			isa = PBXSourcesBuildPhase;
			buildActionMask = 2147483647;
			files = (
				05D0ADF41AF7B85E00F77CFA /* GameScene.swift in Sources */,
				05D0ADF61AF7B85E00F77CFA /* GameViewController.swift in Sources */,
				05D0ADF01AF7B85E00F77CFA /* AppDelegate.swift in Sources */,
			);
			runOnlyForDeploymentPostprocessing = 0;
		};
		05D0ADFF1AF7B85E00F77CFA /* Sources */ = {
			isa = PBXSourcesBuildPhase;
			buildActionMask = 2147483647;
			files = (
				05D0AE0A1AF7B85E00F77CFA /* BreakoutSpriteKitTutorialTests.swift in Sources */,
			);
			runOnlyForDeploymentPostprocessing = 0;
		};
/* End PBXSourcesBuildPhase section */

/* Begin PBXTargetDependency section */
		05D0AE051AF7B85E00F77CFA /* PBXTargetDependency */ = {
			isa = PBXTargetDependency;
			target = 05D0ADE91AF7B85E00F77CFA /* BreakoutSpriteKitTutorial */;
			targetProxy = 05D0AE041AF7B85E00F77CFA /* PBXContainerItemProxy */;
		};
/* End PBXTargetDependency section */

/* Begin PBXVariantGroup section */
		05D0ADF71AF7B85E00F77CFA /* Main.storyboard */ = {
			isa = PBXVariantGroup;
			children = (
				05D0ADF81AF7B85E00F77CFA /* Base */,
			);
			name = Main.storyboard;
			sourceTree = "<group>";
		};
		05D0ADFC1AF7B85E00F77CFA /* LaunchScreen.xib */ = {
			isa = PBXVariantGroup;
			children = (
				05D0ADFD1AF7B85E00F77CFA /* Base */,
			);
			name = LaunchScreen.xib;
			sourceTree = "<group>";
		};
/* End PBXVariantGroup section */

/* Begin XCBuildConfiguration section */
		05D0AE0B1AF7B85E00F77CFA /* Debug */ = {
			isa = XCBuildConfiguration;
			buildSettings = {
				ALWAYS_SEARCH_USER_PATHS = NO;
				CLANG_CXX_LANGUAGE_STANDARD = "gnu++0x";
				CLANG_CXX_LIBRARY = "libc++";
				CLANG_ENABLE_MODULES = YES;
				CLANG_ENABLE_OBJC_ARC = YES;
				CLANG_WARN_BOOL_CONVERSION = YES;
				CLANG_WARN_CONSTANT_CONVERSION = YES;
				CLANG_WARN_DIRECT_OBJC_ISA_USAGE = YES_ERROR;
				CLANG_WARN_EMPTY_BODY = YES;
				CLANG_WARN_ENUM_CONVERSION = YES;
				CLANG_WARN_INT_CONVERSION = YES;
				CLANG_WARN_OBJC_ROOT_CLASS = YES_ERROR;
				CLANG_WARN_UNREACHABLE_CODE = YES;
				CLANG_WARN__DUPLICATE_METHOD_MATCH = YES;
				"CODE_SIGN_IDENTITY[sdk=iphoneos*]" = "iPhone Developer";
				COPY_PHASE_STRIP = NO;
				DEBUG_INFORMATION_FORMAT = "dwarf-with-dsym";
				ENABLE_STRICT_OBJC_MSGSEND = YES;
				GCC_C_LANGUAGE_STANDARD = gnu99;
				GCC_DYNAMIC_NO_PIC = NO;
				GCC_NO_COMMON_BLOCKS = YES;
				GCC_OPTIMIZATION_LEVEL = 0;
				GCC_PREPROCESSOR_DEFINITIONS = (
					"DEBUG=1",
					"$(inherited)",
				);
				GCC_SYMBOLS_PRIVATE_EXTERN = NO;
				GCC_WARN_64_TO_32_BIT_CONVERSION = YES;
				GCC_WARN_ABOUT_RETURN_TYPE = YES_ERROR;
				GCC_WARN_UNDECLARED_SELECTOR = YES;
				GCC_WARN_UNINITIALIZED_AUTOS = YES_AGGRESSIVE;
				GCC_WARN_UNUSED_FUNCTION = YES;
				GCC_WARN_UNUSED_VARIABLE = YES;
				IPHONEOS_DEPLOYMENT_TARGET = 8.3;
				MTL_ENABLE_DEBUG_INFO = YES;
				ONLY_ACTIVE_ARCH = YES;
				SDKROOT = iphoneos;
				SWIFT_OPTIMIZATION_LEVEL = "-Onone";
			};
			name = Debug;
		};
		05D0AE0C1AF7B85E00F77CFA /* Release */ = {
			isa = XCBuildConfiguration;
			buildSettings = {
				ALWAYS_SEARCH_USER_PATHS = NO;
				CLANG_CXX_LANGUAGE_STANDARD = "gnu++0x";
				CLANG_CXX_LIBRARY = "libc++";
				CLANG_ENABLE_MODULES = YES;
				CLANG_ENABLE_OBJC_ARC = YES;
				CLANG_WARN_BOOL_CONVERSION = YES;
				CLANG_WARN_CONSTANT_CONVERSION = YES;
				CLANG_WARN_DIRECT_OBJC_ISA_USAGE = YES_ERROR;
				CLANG_WARN_EMPTY_BODY = YES;
				CLANG_WARN_ENUM_CONVERSION = YES;
				CLANG_WARN_INT_CONVERSION = YES;
				CLANG_WARN_OBJC_ROOT_CLASS = YES_ERROR;
				CLANG_WARN_UNREACHABLE_CODE = YES;
				CLANG_WARN__DUPLICATE_METHOD_MATCH = YES;
				"CODE_SIGN_IDENTITY[sdk=iphoneos*]" = "iPhone Developer";
				COPY_PHASE_STRIP = NO;
				DEBUG_INFORMATION_FORMAT = "dwarf-with-dsym";
				ENABLE_NS_ASSERTIONS = NO;
				ENABLE_STRICT_OBJC_MSGSEND = YES;
				GCC_C_LANGUAGE_STANDARD = gnu99;
				GCC_NO_COMMON_BLOCKS = YES;
				GCC_WARN_64_TO_32_BIT_CONVERSION = YES;
				GCC_WARN_ABOUT_RETURN_TYPE = YES_ERROR;
				GCC_WARN_UNDECLARED_SELECTOR = YES;
				GCC_WARN_UNINITIALIZED_AUTOS = YES_AGGRESSIVE;
				GCC_WARN_UNUSED_FUNCTION = YES;
				GCC_WARN_UNUSED_VARIABLE = YES;
				IPHONEOS_DEPLOYMENT_TARGET = 8.3;
				MTL_ENABLE_DEBUG_INFO = NO;
				SDKROOT = iphoneos;
				VALIDATE_PRODUCT = YES;
			};
			name = Release;
		};
		05D0AE0E1AF7B85E00F77CFA /* Debug */ = {
			isa = XCBuildConfiguration;
			buildSettings = {
				ASSETCATALOG_COMPILER_APPICON_NAME = AppIcon;
				INFOPLIST_FILE = BreakoutSpriteKitTutorial/Info.plist;
				LD_RUNPATH_SEARCH_PATHS = "$(inherited) @executable_path/Frameworks";
				PRODUCT_NAME = "$(TARGET_NAME)";
			};
			name = Debug;
		};
		05D0AE0F1AF7B85E00F77CFA /* Release */ = {
			isa = XCBuildConfiguration;
			buildSettings = {
				ASSETCATALOG_COMPILER_APPICON_NAME = AppIcon;
				INFOPLIST_FILE = BreakoutSpriteKitTutorial/Info.plist;
				LD_RUNPATH_SEARCH_PATHS = "$(inherited) @executable_path/Frameworks";
				PRODUCT_NAME = "$(TARGET_NAME)";
			};
			name = Release;
		};
		05D0AE111AF7B85E00F77CFA /* Debug */ = {
			isa = XCBuildConfiguration;
			buildSettings = {
				BUNDLE_LOADER = "$(TEST_HOST)";
				FRAMEWORK_SEARCH_PATHS = (
					"$(SDKROOT)/Developer/Library/Frameworks",
					"$(inherited)",
				);
				GCC_PREPROCESSOR_DEFINITIONS = (
					"DEBUG=1",
					"$(inherited)",
				);
				INFOPLIST_FILE = BreakoutSpriteKitTutorialTests/Info.plist;
				LD_RUNPATH_SEARCH_PATHS = "$(inherited) @executable_path/Frameworks @loader_path/Frameworks";
				PRODUCT_NAME = "$(TARGET_NAME)";
				TEST_HOST = "$(BUILT_PRODUCTS_DIR)/BreakoutSpriteKitTutorial.app/BreakoutSpriteKitTutorial";
			};
			name = Debug;
		};
		05D0AE121AF7B85E00F77CFA /* Release */ = {
			isa = XCBuildConfiguration;
			buildSettings = {
				BUNDLE_LOADER = "$(TEST_HOST)";
				FRAMEWORK_SEARCH_PATHS = (
					"$(SDKROOT)/Developer/Library/Frameworks",
					"$(inherited)",
				);
				INFOPLIST_FILE = BreakoutSpriteKitTutorialTests/Info.plist;
				LD_RUNPATH_SEARCH_PATHS = "$(inherited) @executable_path/Frameworks @loader_path/Frameworks";
				PRODUCT_NAME = "$(TARGET_NAME)";
				TEST_HOST = "$(BUILT_PRODUCTS_DIR)/BreakoutSpriteKitTutorial.app/BreakoutSpriteKitTutorial";
			};
			name = Release;
		};
/* End XCBuildConfiguration section */

/* Begin XCConfigurationList section */
		05D0ADE51AF7B85E00F77CFA /* Build configuration list for PBXProject "BreakoutSpriteKitTutorial" */ = {
			isa = XCConfigurationList;
			buildConfigurations = (
				05D0AE0B1AF7B85E00F77CFA /* Debug */,
				05D0AE0C1AF7B85E00F77CFA /* Release */,
			);
			defaultConfigurationIsVisible = 0;
			defaultConfigurationName = Release;
		};
		05D0AE0D1AF7B85E00F77CFA /* Build configuration list for PBXNativeTarget "BreakoutSpriteKitTutorial" */ = {
			isa = XCConfigurationList;
			buildConfigurations = (
				05D0AE0E1AF7B85E00F77CFA /* Debug */,
				05D0AE0F1AF7B85E00F77CFA /* Release */,
			);
			defaultConfigurationIsVisible = 0;
		};
		05D0AE101AF7B85E00F77CFA /* Build configuration list for PBXNativeTarget "BreakoutSpriteKitTutorialTests" */ = {
			isa = XCConfigurationList;
			buildConfigurations = (
				05D0AE111AF7B85E00F77CFA /* Debug */,
				05D0AE121AF7B85E00F77CFA /* Release */,
			);
			defaultConfigurationIsVisible = 0;
		};
/* End XCConfigurationList section */
	};
	rootObject = 05D0ADE21AF7B85E00F77CFA /* Project object */;
}
